
Microsoft Visual Studio Solution File, Format Version 12.00
Project("{FAE04EC0-301F-11D3-BF4B-00C04F79EFBC}") = "Catalog", "services\Catalog\Catalog\Catalog.csproj", "{437173AD-0A3B-4983-82B8-FF77045D97C0}"
EndProject
Project("{2150E333-8FDC-42A3-9474-1A3956D46DE8}") = "Services", "Services", "{61F57689-DBA9-409B-BED6-BB97DB54FF72}"
EndProject
Project("{2150E333-8FDC-42A3-9474-1A3956D46DE8}") = "Catalog", "Catalog", "{62EB935A-6BEA-4BBC-9FC2-EE6097EE1FBE}"
EndProject
Project("{2150E333-8FDC-42A3-9474-1A3956D46DE8}") = "Cart", "Cart", "{81A595E1-E22B-4922-9706-C235F417368B}"
EndProject
Project("{FAE04EC0-301F-11D3-BF4B-00C04F79EFBC}") = "Cart", "services\Cart\Cart\Cart.csproj", "{E2ACF3E7-89B8-4CC5-AC93-BA3A5C8927A9}"
EndProject
Project("{2150E333-8FDC-42A3-9474-1A3956D46DE8}") = "Discount", "Discount", "{B2EDB475-4342-4722-B6D2-F8A527BEEAEF}"
EndProject
Project("{FAE04EC0-301F-11D3-BF4B-00C04F79EFBC}") = "Discount", "services\Discount\Discount\Discount.csproj", "{B30FD6EA-C941-4C98-8EC3-5D207810EF88}"
EndProject
Project("{FAE04EC0-301F-11D3-BF4B-00C04F79EFBC}") = "Discount.gRPC", "services\Discount\Discount.gRPC\Discount.gRPC.csproj", "{36FF2B6A-D327-4D22-85C3-BFED3E8A813D}"
EndProject
Project("{FAE04EC0-301F-11D3-BF4B-00C04F79EFBC}") = "Discount.Common", "services\Discount\Discount.Common\Discount.Common.csproj", "{3E8DC26E-7A7F-47B8-A289-38E99EE5F1A3}"
EndProject
Project("{2150E333-8FDC-42A3-9474-1A3956D46DE8}") = "Orders", "Orders", "{F64E9C63-5279-4253-AD30-7E73184A1D44}"
EndProject
Project("{FAE04EC0-301F-11D3-BF4B-00C04F79EFBC}") = "Orders.REST", "services\Orders\Orders.REST\Orders.REST.csproj", "{6AB191BB-7FC0-4541-8FEB-CDA24353F4E9}"
EndProject
Project("{FAE04EC0-301F-11D3-BF4B-00C04F79EFBC}") = "Orders.Application", "services\Orders\Orders.Application\Orders.Application.csproj", "{530386C3-FF0D-4365-8803-6BF0096C9277}"
EndProject
Project("{FAE04EC0-301F-11D3-BF4B-00C04F79EFBC}") = "Orders.Domain", "services\Orders\Orders.Domain\Orders.Domain.csproj", "{FCADDD7B-2ABE-4E8E-9D24-DAD542253289}"
EndProject
Project("{FAE04EC0-301F-11D3-BF4B-00C04F79EFBC}") = "Orders.Infrastructure", "services\Orders\Orders.Infrastructure\Orders.Infrastructure.csproj", "{58C2ED26-75B0-4EAF-9F1F-9295FE9E885E}"
EndProject
Global
	GlobalSection(SolutionConfigurationPlatforms) = preSolution
		Debug|Any CPU = Debug|Any CPU
		Release|Any CPU = Release|Any CPU
	EndGlobalSection
	GlobalSection(ProjectConfigurationPlatforms) = postSolution
		{437173AD-0A3B-4983-82B8-FF77045D97C0}.Debug|Any CPU.ActiveCfg = Debug|Any CPU
		{437173AD-0A3B-4983-82B8-FF77045D97C0}.Debug|Any CPU.Build.0 = Debug|Any CPU
		{437173AD-0A3B-4983-82B8-FF77045D97C0}.Release|Any CPU.ActiveCfg = Release|Any CPU
		{437173AD-0A3B-4983-82B8-FF77045D97C0}.Release|Any CPU.Build.0 = Release|Any CPU
		{E2ACF3E7-89B8-4CC5-AC93-BA3A5C8927A9}.Debug|Any CPU.ActiveCfg = Debug|Any CPU
		{E2ACF3E7-89B8-4CC5-AC93-BA3A5C8927A9}.Debug|Any CPU.Build.0 = Debug|Any CPU
		{E2ACF3E7-89B8-4CC5-AC93-BA3A5C8927A9}.Release|Any CPU.ActiveCfg = Release|Any CPU
		{E2ACF3E7-89B8-4CC5-AC93-BA3A5C8927A9}.Release|Any CPU.Build.0 = Release|Any CPU
		{B30FD6EA-C941-4C98-8EC3-5D207810EF88}.Debug|Any CPU.ActiveCfg = Debug|Any CPU
		{B30FD6EA-C941-4C98-8EC3-5D207810EF88}.Debug|Any CPU.Build.0 = Debug|Any CPU
		{B30FD6EA-C941-4C98-8EC3-5D207810EF88}.Release|Any CPU.ActiveCfg = Release|Any CPU
		{B30FD6EA-C941-4C98-8EC3-5D207810EF88}.Release|Any CPU.Build.0 = Release|Any CPU
		{36FF2B6A-D327-4D22-85C3-BFED3E8A813D}.Debug|Any CPU.ActiveCfg = Debug|Any CPU
		{36FF2B6A-D327-4D22-85C3-BFED3E8A813D}.Debug|Any CPU.Build.0 = Debug|Any CPU
		{36FF2B6A-D327-4D22-85C3-BFED3E8A813D}.Release|Any CPU.ActiveCfg = Release|Any CPU
		{36FF2B6A-D327-4D22-85C3-BFED3E8A813D}.Release|Any CPU.Build.0 = Release|Any CPU
		{3E8DC26E-7A7F-47B8-A289-38E99EE5F1A3}.Debug|Any CPU.ActiveCfg = Debug|Any CPU
		{3E8DC26E-7A7F-47B8-A289-38E99EE5F1A3}.Debug|Any CPU.Build.0 = Debug|Any CPU
		{3E8DC26E-7A7F-47B8-A289-38E99EE5F1A3}.Release|Any CPU.ActiveCfg = Release|Any CPU
		{3E8DC26E-7A7F-47B8-A289-38E99EE5F1A3}.Release|Any CPU.Build.0 = Release|Any CPU
		{6AB191BB-7FC0-4541-8FEB-CDA24353F4E9}.Debug|Any CPU.ActiveCfg = Debug|Any CPU
		{6AB191BB-7FC0-4541-8FEB-CDA24353F4E9}.Debug|Any CPU.Build.0 = Debug|Any CPU
		{6AB191BB-7FC0-4541-8FEB-CDA24353F4E9}.Release|Any CPU.ActiveCfg = Release|Any CPU
		{6AB191BB-7FC0-4541-8FEB-CDA24353F4E9}.Release|Any CPU.Build.0 = Release|Any CPU
		{530386C3-FF0D-4365-8803-6BF0096C9277}.Debug|Any CPU.ActiveCfg = Debug|Any CPU
		{530386C3-FF0D-4365-8803-6BF0096C9277}.Debug|Any CPU.Build.0 = Debug|Any CPU
		{530386C3-FF0D-4365-8803-6BF0096C9277}.Release|Any CPU.ActiveCfg = Release|Any CPU
		{530386C3-FF0D-4365-8803-6BF0096C9277}.Release|Any CPU.Build.0 = Release|Any CPU
		{FCADDD7B-2ABE-4E8E-9D24-DAD542253289}.Debug|Any CPU.ActiveCfg = Debug|Any CPU
		{FCADDD7B-2ABE-4E8E-9D24-DAD542253289}.Debug|Any CPU.Build.0 = Debug|Any CPU
		{FCADDD7B-2ABE-4E8E-9D24-DAD542253289}.Release|Any CPU.ActiveCfg = Release|Any CPU
		{FCADDD7B-2ABE-4E8E-9D24-DAD542253289}.Release|Any CPU.Build.0 = Release|Any CPU
		{58C2ED26-75B0-4EAF-9F1F-9295FE9E885E}.Debug|Any CPU.ActiveCfg = Debug|Any CPU
		{58C2ED26-75B0-4EAF-9F1F-9295FE9E885E}.Debug|Any CPU.Build.0 = Debug|Any CPU
		{58C2ED26-75B0-4EAF-9F1F-9295FE9E885E}.Release|Any CPU.ActiveCfg = Release|Any CPU
		{58C2ED26-75B0-4EAF-9F1F-9295FE9E885E}.Release|Any CPU.Build.0 = Release|Any CPU
	EndGlobalSection
	GlobalSection(NestedProjects) = preSolution
		{62EB935A-6BEA-4BBC-9FC2-EE6097EE1FBE} = {61F57689-DBA9-409B-BED6-BB97DB54FF72}
		{437173AD-0A3B-4983-82B8-FF77045D97C0} = {62EB935A-6BEA-4BBC-9FC2-EE6097EE1FBE}
		{81A595E1-E22B-4922-9706-C235F417368B} = {61F57689-DBA9-409B-BED6-BB97DB54FF72}
		{E2ACF3E7-89B8-4CC5-AC93-BA3A5C8927A9} = {81A595E1-E22B-4922-9706-C235F417368B}
		{B2EDB475-4342-4722-B6D2-F8A527BEEAEF} = {61F57689-DBA9-409B-BED6-BB97DB54FF72}
		{B30FD6EA-C941-4C98-8EC3-5D207810EF88} = {B2EDB475-4342-4722-B6D2-F8A527BEEAEF}
		{36FF2B6A-D327-4D22-85C3-BFED3E8A813D} = {B2EDB475-4342-4722-B6D2-F8A527BEEAEF}
		{3E8DC26E-7A7F-47B8-A289-38E99EE5F1A3} = {B2EDB475-4342-4722-B6D2-F8A527BEEAEF}
		{F64E9C63-5279-4253-AD30-7E73184A1D44} = {61F57689-DBA9-409B-BED6-BB97DB54FF72}
		{6AB191BB-7FC0-4541-8FEB-CDA24353F4E9} = {F64E9C63-5279-4253-AD30-7E73184A1D44}
		{530386C3-FF0D-4365-8803-6BF0096C9277} = {F64E9C63-5279-4253-AD30-7E73184A1D44}
		{FCADDD7B-2ABE-4E8E-9D24-DAD542253289} = {F64E9C63-5279-4253-AD30-7E73184A1D44}
		{58C2ED26-75B0-4EAF-9F1F-9295FE9E885E} = {F64E9C63-5279-4253-AD30-7E73184A1D44}
	EndGlobalSection
EndGlobal
